
Microsoft Visual Studio Solution File, Format Version 12.00
# Visual Studio Version 16
VisualStudioVersion = 16.0.32802.440
MinimumVisualStudioVersion = 10.0.40219.1
Project("{FAE04EC0-301F-11D3-BF4B-00C04F79EFBC}") = "Registrstion", "Registrstion\Registrstion.csproj", "{70857BA2-63FC-4E09-BD1B-57A5345A0EB7}"
EndProject
Global
	GlobalSection(SolutionConfigurationPlatforms) = preSolution
		Debug|Any CPU = Debug|Any CPU
		Release|Any CPU = Release|Any CPU
	EndGlobalSection
	GlobalSection(ProjectConfigurationPlatforms) = postSolution
		{70857BA2-63FC-4E09-BD1B-57A5345A0EB7}.Debug|Any CPU.ActiveCfg = Debug|Any CPU
		{70857BA2-63FC-4E09-BD1B-57A5345A0EB7}.Debug|Any CPU.Build.0 = Debug|Any CPU
		{70857BA2-63FC-4E09-BD1B-57A5345A0EB7}.Release|Any CPU.ActiveCfg = Release|Any CPU
		{70857BA2-63FC-4E09-BD1B-57A5345A0EB7}.Release|Any CPU.Build.0 = Release|Any CPU
	EndGlobalSection
	GlobalSection(SolutionProperties) = preSolution
		HideSolutionNode = FALSE
	EndGlobalSection
	GlobalSection(ExtensibilityGlobals) = postSolution
		SolutionGuid = {B2DF9DC1-6696-4CBE-B780-4CE3CB25B0AB}
	EndGlobalSection
EndGlobal
