
Microsoft Visual Studio Solution File, Format Version 12.00
# Visual Studio Version 16
VisualStudioVersion = 16.0.32802.440
MinimumVisualStudioVersion = 10.0.40219.1
Project("{FAE04EC0-301F-11D3-BF4B-00C04F79EFBC}") = "calc-1", "calc-1\calc-1.csproj", "{D90BF924-802D-47CD-8325-4F13A4B900BC}"
EndProject
Global
	GlobalSection(SolutionConfigurationPlatforms) = preSolution
		Debug|Any CPU = Debug|Any CPU
		Release|Any CPU = Release|Any CPU
	EndGlobalSection
	GlobalSection(ProjectConfigurationPlatforms) = postSolution
		{D90BF924-802D-47CD-8325-4F13A4B900BC}.Debug|Any CPU.ActiveCfg = Debug|Any CPU
		{D90BF924-802D-47CD-8325-4F13A4B900BC}.Debug|Any CPU.Build.0 = Debug|Any CPU
		{D90BF924-802D-47CD-8325-4F13A4B900BC}.Release|Any CPU.ActiveCfg = Release|Any CPU
		{D90BF924-802D-47CD-8325-4F13A4B900BC}.Release|Any CPU.Build.0 = Release|Any CPU
	EndGlobalSection
	GlobalSection(SolutionProperties) = preSolution
		HideSolutionNode = FALSE
	EndGlobalSection
	GlobalSection(ExtensibilityGlobals) = postSolution
		SolutionGuid = {38AC872D-407D-41BE-BDEA-DCD263F29DF6}
	EndGlobalSection
EndGlobal
