
Microsoft Visual Studio Solution File, Format Version 12.00
# Visual Studio Version 16
VisualStudioVersion = 16.0.32802.440
MinimumVisualStudioVersion = 10.0.40219.1
Project("{FAE04EC0-301F-11D3-BF4B-00C04F79EFBC}") = "WindowsFormsApp1", "WindowsFormsApp1\WindowsFormsApp1.csproj", "{CACC5AF2-97AC-4D83-8865-817933559E95}"
EndProject
Global
	GlobalSection(SolutionConfigurationPlatforms) = preSolution
		Debug|Any CPU = Debug|Any CPU
		Release|Any CPU = Release|Any CPU
	EndGlobalSection
	GlobalSection(ProjectConfigurationPlatforms) = postSolution
		{CACC5AF2-97AC-4D83-8865-817933559E95}.Debug|Any CPU.ActiveCfg = Debug|Any CPU
		{CACC5AF2-97AC-4D83-8865-817933559E95}.Debug|Any CPU.Build.0 = Debug|Any CPU
		{CACC5AF2-97AC-4D83-8865-817933559E95}.Release|Any CPU.ActiveCfg = Release|Any CPU
		{CACC5AF2-97AC-4D83-8865-817933559E95}.Release|Any CPU.Build.0 = Release|Any CPU
	EndGlobalSection
	GlobalSection(SolutionProperties) = preSolution
		HideSolutionNode = FALSE
	EndGlobalSection
	GlobalSection(ExtensibilityGlobals) = postSolution
		SolutionGuid = {8D3A29D8-0D99-4B53-A8F8-2F5698EB46AB}
	EndGlobalSection
EndGlobal
