
Microsoft Visual Studio Solution File, Format Version 12.00
# Visual Studio Version 16
VisualStudioVersion = 16.0.32802.440
MinimumVisualStudioVersion = 10.0.40219.1
Project("{FAE04EC0-301F-11D3-BF4B-00C04F79EFBC}") = "CustomHelper", "CustomHelper\CustomHelper.csproj", "{3FE06F2B-AFC8-4B4D-BA06-3D0145DC2501}"
EndProject
Global
	GlobalSection(SolutionConfigurationPlatforms) = preSolution
		Debug|Any CPU = Debug|Any CPU
		Release|Any CPU = Release|Any CPU
	EndGlobalSection
	GlobalSection(ProjectConfigurationPlatforms) = postSolution
		{3FE06F2B-AFC8-4B4D-BA06-3D0145DC2501}.Debug|Any CPU.ActiveCfg = Debug|Any CPU
		{3FE06F2B-AFC8-4B4D-BA06-3D0145DC2501}.Debug|Any CPU.Build.0 = Debug|Any CPU
		{3FE06F2B-AFC8-4B4D-BA06-3D0145DC2501}.Release|Any CPU.ActiveCfg = Release|Any CPU
		{3FE06F2B-AFC8-4B4D-BA06-3D0145DC2501}.Release|Any CPU.Build.0 = Release|Any CPU
	EndGlobalSection
	GlobalSection(SolutionProperties) = preSolution
		HideSolutionNode = FALSE
	EndGlobalSection
	GlobalSection(ExtensibilityGlobals) = postSolution
		SolutionGuid = {39D8CF53-4242-4102-A6D4-5862078DF100}
	EndGlobalSection
EndGlobal
