
Microsoft Visual Studio Solution File, Format Version 12.00
# Visual Studio Version 16
VisualStudioVersion = 16.0.32802.440
MinimumVisualStudioVersion = 10.0.40219.1
Project("{FAE04EC0-301F-11D3-BF4B-00C04F79EFBC}") = "Table", "Table\Table.csproj", "{11570195-6536-4864-BD71-7AB5ADEC9FD0}"
EndProject
Global
	GlobalSection(SolutionConfigurationPlatforms) = preSolution
		Debug|Any CPU = Debug|Any CPU
		Release|Any CPU = Release|Any CPU
	EndGlobalSection
	GlobalSection(ProjectConfigurationPlatforms) = postSolution
		{11570195-6536-4864-BD71-7AB5ADEC9FD0}.Debug|Any CPU.ActiveCfg = Debug|Any CPU
		{11570195-6536-4864-BD71-7AB5ADEC9FD0}.Debug|Any CPU.Build.0 = Debug|Any CPU
		{11570195-6536-4864-BD71-7AB5ADEC9FD0}.Release|Any CPU.ActiveCfg = Release|Any CPU
		{11570195-6536-4864-BD71-7AB5ADEC9FD0}.Release|Any CPU.Build.0 = Release|Any CPU
	EndGlobalSection
	GlobalSection(SolutionProperties) = preSolution
		HideSolutionNode = FALSE
	EndGlobalSection
	GlobalSection(ExtensibilityGlobals) = postSolution
		SolutionGuid = {00D6427C-45ED-45C2-8C2C-E179D1E3E55B}
	EndGlobalSection
EndGlobal
