
Microsoft Visual Studio Solution File, Format Version 12.00
# Visual Studio Version 16
VisualStudioVersion = 16.0.32802.440
MinimumVisualStudioVersion = 10.0.40219.1
Project("{FAE04EC0-301F-11D3-BF4B-00C04F79EFBC}") = "View", "View\View.csproj", "{DD7DED47-3E07-429A-8092-C0E3F9FF7A3F}"
EndProject
Global
	GlobalSection(SolutionConfigurationPlatforms) = preSolution
		Debug|Any CPU = Debug|Any CPU
		Release|Any CPU = Release|Any CPU
	EndGlobalSection
	GlobalSection(ProjectConfigurationPlatforms) = postSolution
		{DD7DED47-3E07-429A-8092-C0E3F9FF7A3F}.Debug|Any CPU.ActiveCfg = Debug|Any CPU
		{DD7DED47-3E07-429A-8092-C0E3F9FF7A3F}.Debug|Any CPU.Build.0 = Debug|Any CPU
		{DD7DED47-3E07-429A-8092-C0E3F9FF7A3F}.Release|Any CPU.ActiveCfg = Release|Any CPU
		{DD7DED47-3E07-429A-8092-C0E3F9FF7A3F}.Release|Any CPU.Build.0 = Release|Any CPU
	EndGlobalSection
	GlobalSection(SolutionProperties) = preSolution
		HideSolutionNode = FALSE
	EndGlobalSection
	GlobalSection(ExtensibilityGlobals) = postSolution
		SolutionGuid = {082FF58A-8D39-44F3-A70E-1880BFDEC57E}
	EndGlobalSection
EndGlobal
