
Microsoft Visual Studio Solution File, Format Version 12.00
# Visual Studio Version 16
VisualStudioVersion = 16.0.33801.447
MinimumVisualStudioVersion = 10.0.40219.1
Project("{FAE04EC0-301F-11D3-BF4B-00C04F79EFBC}") = "Image_display", "Image_display\Image_display.csproj", "{A0226BCE-AB60-457D-9C5A-455A989DC486}"
EndProject
Global
	GlobalSection(SolutionConfigurationPlatforms) = preSolution
		Debug|Any CPU = Debug|Any CPU
		Release|Any CPU = Release|Any CPU
	EndGlobalSection
	GlobalSection(ProjectConfigurationPlatforms) = postSolution
		{A0226BCE-AB60-457D-9C5A-455A989DC486}.Debug|Any CPU.ActiveCfg = Debug|Any CPU
		{A0226BCE-AB60-457D-9C5A-455A989DC486}.Debug|Any CPU.Build.0 = Debug|Any CPU
		{A0226BCE-AB60-457D-9C5A-455A989DC486}.Release|Any CPU.ActiveCfg = Release|Any CPU
		{A0226BCE-AB60-457D-9C5A-455A989DC486}.Release|Any CPU.Build.0 = Release|Any CPU
	EndGlobalSection
	GlobalSection(SolutionProperties) = preSolution
		HideSolutionNode = FALSE
	EndGlobalSection
	GlobalSection(ExtensibilityGlobals) = postSolution
		SolutionGuid = {7A3CABF8-EC2E-40CD-99B9-2518FAD92BDD}
	EndGlobalSection
EndGlobal
